# This file is automatically @generated by Cargo.
# It is not intended for manual editing.
version = 3

[[package]]
name = "ffxiv-crafting"
version = "0.1.3"
source = "registry+https://github.com/rust-lang/crates.io-index"
checksum = "69dd9b6ed4ffeb01185aa680b42d937744bdbf47f8c48bd7bc76a3e5e82dfbbe"

[[package]]
name = "ffxiv-crafting-algo"
version = "0.1.0"
dependencies = [
 "ffxiv-crafting",
]
